
Microsoft Visual Studio Solution File, Format Version 12.00
# Visual Studio 2012
Project("{FAE04EC0-301F-11D3-BF4B-00C04F79EFBC}") = "ExpressiveTouchStudy", "ExpressiveTouchStudy\ExpressiveTouchStudy.csproj", "{48860EBE-EB20-49EA-B6CA-6DA9828FDF46}"
EndProject
Global
	GlobalSection(SolutionConfigurationPlatforms) = preSolution
		Debug|Any CPU = Debug|Any CPU
		Release|Any CPU = Release|Any CPU
	EndGlobalSection
	GlobalSection(ProjectConfigurationPlatforms) = postSolution
		{48860EBE-EB20-49EA-B6CA-6DA9828FDF46}.Debug|Any CPU.ActiveCfg = Debug|Any CPU
		{48860EBE-EB20-49EA-B6CA-6DA9828FDF46}.Debug|Any CPU.Build.0 = Debug|Any CPU
		{48860EBE-EB20-49EA-B6CA-6DA9828FDF46}.Release|Any CPU.ActiveCfg = Release|Any CPU
		{48860EBE-EB20-49EA-B6CA-6DA9828FDF46}.Release|Any CPU.Build.0 = Release|Any CPU
	EndGlobalSection
	GlobalSection(SolutionProperties) = preSolution
		HideSolutionNode = FALSE
	EndGlobalSection
EndGlobal
